
Microsoft Visual Studio Solution File, Format Version 12.00
# Visual Studio Version 16
VisualStudioVersion = 16.0.31729.503
MinimumVisualStudioVersion = 10.0.40219.1
Project("{8BC9CEB8-8B4A-11D0-8D11-00A0C91BC942}") = "Laboratory Work 10 B", "Laboratory Work 10 B.vcxproj", "{EF7AA683-DB67-43CF-A200-8835459525BB}"
EndProject
Global
	GlobalSection(SolutionConfigurationPlatforms) = preSolution
		Debug|x64 = Debug|x64
		Debug|x86 = Debug|x86
		Release|x64 = Release|x64
		Release|x86 = Release|x86
	EndGlobalSection
	GlobalSection(ProjectConfigurationPlatforms) = postSolution
		{EF7AA683-DB67-43CF-A200-8835459525BB}.Debug|x64.ActiveCfg = Debug|x64
		{EF7AA683-DB67-43CF-A200-8835459525BB}.Debug|x64.Build.0 = Debug|x64
		{EF7AA683-DB67-43CF-A200-8835459525BB}.Debug|x86.ActiveCfg = Debug|Win32
		{EF7AA683-DB67-43CF-A200-8835459525BB}.Debug|x86.Build.0 = Debug|Win32
		{EF7AA683-DB67-43CF-A200-8835459525BB}.Release|x64.ActiveCfg = Release|x64
		{EF7AA683-DB67-43CF-A200-8835459525BB}.Release|x64.Build.0 = Release|x64
		{EF7AA683-DB67-43CF-A200-8835459525BB}.Release|x86.ActiveCfg = Release|Win32
		{EF7AA683-DB67-43CF-A200-8835459525BB}.Release|x86.Build.0 = Release|Win32
	EndGlobalSection
	GlobalSection(SolutionProperties) = preSolution
		HideSolutionNode = FALSE
	EndGlobalSection
	GlobalSection(ExtensibilityGlobals) = postSolution
		SolutionGuid = {427C1428-0715-4087-ABC2-2B105E7832D2}
	EndGlobalSection
EndGlobal
