
Microsoft Visual Studio Solution File, Format Version 12.00
# Visual Studio Version 16
VisualStudioVersion = 16.0.31702.278
MinimumVisualStudioVersion = 10.0.40219.1
Project("{8BC9CEB8-8B4A-11D0-8D11-00A0C91BC942}") = "Lab 1_1", "Lab 1_1\Lab 1_1.vcxproj", "{D0488228-9A2E-421A-B50A-6CC3EAC9A734}"
EndProject
Project("{8BC9CEB8-8B4A-11D0-8D11-00A0C91BC942}") = "main", "Laboratory Work 1\main\main.vcxproj", "{E10EAB40-B196-407E-881D-9D96665102C6}"
EndProject
Global
	GlobalSection(SolutionConfigurationPlatforms) = preSolution
		Debug|x64 = Debug|x64
		Debug|x86 = Debug|x86
		Release|x64 = Release|x64
		Release|x86 = Release|x86
	EndGlobalSection
	GlobalSection(ProjectConfigurationPlatforms) = postSolution
		{D0488228-9A2E-421A-B50A-6CC3EAC9A734}.Debug|x64.ActiveCfg = Debug|x64
		{D0488228-9A2E-421A-B50A-6CC3EAC9A734}.Debug|x64.Build.0 = Debug|x64
		{D0488228-9A2E-421A-B50A-6CC3EAC9A734}.Debug|x86.ActiveCfg = Debug|Win32
		{D0488228-9A2E-421A-B50A-6CC3EAC9A734}.Debug|x86.Build.0 = Debug|Win32
		{D0488228-9A2E-421A-B50A-6CC3EAC9A734}.Release|x64.ActiveCfg = Release|x64
		{D0488228-9A2E-421A-B50A-6CC3EAC9A734}.Release|x64.Build.0 = Release|x64
		{D0488228-9A2E-421A-B50A-6CC3EAC9A734}.Release|x86.ActiveCfg = Release|Win32
		{D0488228-9A2E-421A-B50A-6CC3EAC9A734}.Release|x86.Build.0 = Release|Win32
		{E10EAB40-B196-407E-881D-9D96665102C6}.Debug|x64.ActiveCfg = Debug|x64
		{E10EAB40-B196-407E-881D-9D96665102C6}.Debug|x64.Build.0 = Debug|x64
		{E10EAB40-B196-407E-881D-9D96665102C6}.Debug|x86.ActiveCfg = Debug|Win32
		{E10EAB40-B196-407E-881D-9D96665102C6}.Debug|x86.Build.0 = Debug|Win32
		{E10EAB40-B196-407E-881D-9D96665102C6}.Release|x64.ActiveCfg = Release|x64
		{E10EAB40-B196-407E-881D-9D96665102C6}.Release|x64.Build.0 = Release|x64
		{E10EAB40-B196-407E-881D-9D96665102C6}.Release|x86.ActiveCfg = Release|Win32
		{E10EAB40-B196-407E-881D-9D96665102C6}.Release|x86.Build.0 = Release|Win32
	EndGlobalSection
	GlobalSection(SolutionProperties) = preSolution
		HideSolutionNode = FALSE
	EndGlobalSection
	GlobalSection(ExtensibilityGlobals) = postSolution
		SolutionGuid = {EFFCAECC-036E-48FD-8573-B4FD5CE6418D}
	EndGlobalSection
EndGlobal
